// !$*UTF8*$!
{
	archiveVersion = 1;
	classes = {
	};
	objectVersion = 50;
	objects = {

/* Begin PBXBuildFile section */
		1C0A4843222D9A86004BBDE3 /* AppDelegate.swift in Sources */ = {isa = PBXBuildFile; fileRef = 1C0A4842222D9A86004BBDE3 /* AppDelegate.swift */; };
		1C0A4845222D9A86004BBDE3 /* GameViewController.swift in Sources */ = {isa = PBXBuildFile; fileRef = 1C0A4844222D9A86004BBDE3 /* GameViewController.swift */; };
		1C0A4848222D9A86004BBDE3 /* Main.storyboard in Resources */ = {isa = PBXBuildFile; fileRef = 1C0A4846222D9A86004BBDE3 /* Main.storyboard */; };
		1C0A484A222D9A87004BBDE3 /* Assets.xcassets in Resources */ = {isa = PBXBuildFile; fileRef = 1C0A4849222D9A87004BBDE3 /* Assets.xcassets */; };
		1C0A484D222D9A87004BBDE3 /* LaunchScreen.storyboard in Resources */ = {isa = PBXBuildFile; fileRef = 1C0A484B222D9A87004BBDE3 /* LaunchScreen.storyboard */; };
		1C0A4855222DBC7B004BBDE3 /* InitialViewController.swift in Sources */ = {isa = PBXBuildFile; fileRef = 1C0A4854222DBC7B004BBDE3 /* InitialViewController.swift */; };
		D167128AD1E9BAB2FD128EE1 /* Pods_Web_Game_Controller.framework in Frameworks */ = {isa = PBXBuildFile; fileRef = 8913B7FD3737AD2FD6990999 /* Pods_Web_Game_Controller.framework */; };
/* End PBXBuildFile section */

/* Begin PBXFileReference section */
		1C0A483F222D9A86004BBDE3 /* Web Game Controller.app */ = {isa = PBXFileReference; explicitFileType = wrapper.application; includeInIndex = 0; path = "Web Game Controller.app"; sourceTree = BUILT_PRODUCTS_DIR; };
		1C0A4842222D9A86004BBDE3 /* AppDelegate.swift */ = {isa = PBXFileReference; lastKnownFileType = sourcecode.swift; path = AppDelegate.swift; sourceTree = "<group>"; };
		1C0A4844222D9A86004BBDE3 /* GameViewController.swift */ = {isa = PBXFileReference; lastKnownFileType = sourcecode.swift; path = GameViewController.swift; sourceTree = "<group>"; };
		1C0A4847222D9A86004BBDE3 /* Base */ = {isa = PBXFileReference; lastKnownFileType = file.storyboard; name = Base; path = Base.lproj/Main.storyboard; sourceTree = "<group>"; };
		1C0A4849222D9A87004BBDE3 /* Assets.xcassets */ = {isa = PBXFileReference; lastKnownFileType = folder.assetcatalog; path = Assets.xcassets; sourceTree = "<group>"; };
		1C0A484C222D9A87004BBDE3 /* Base */ = {isa = PBXFileReference; lastKnownFileType = file.storyboard; name = Base; path = Base.lproj/LaunchScreen.storyboard; sourceTree = "<group>"; };
		1C0A484E222D9A87004BBDE3 /* Info.plist */ = {isa = PBXFileReference; lastKnownFileType = text.plist.xml; path = Info.plist; sourceTree = "<group>"; };
		1C0A4854222DBC7B004BBDE3 /* InitialViewController.swift */ = {isa = PBXFileReference; lastKnownFileType = sourcecode.swift; path = InitialViewController.swift; sourceTree = "<group>"; };
		35375AEA0EB6AAA39EA3D7B3 /* Pods-Web Game Controller.release.xcconfig */ = {isa = PBXFileReference; includeInIndex = 1; lastKnownFileType = text.xcconfig; name = "Pods-Web Game Controller.release.xcconfig"; path = "Target Support Files/Pods-Web Game Controller/Pods-Web Game Controller.release.xcconfig"; sourceTree = "<group>"; };
		8913B7FD3737AD2FD6990999 /* Pods_Web_Game_Controller.framework */ = {isa = PBXFileReference; explicitFileType = wrapper.framework; includeInIndex = 0; path = Pods_Web_Game_Controller.framework; sourceTree = BUILT_PRODUCTS_DIR; };
		CD051E663ABA7DFD8E70DDB5 /* Pods-Web Game Controller.debug.xcconfig */ = {isa = PBXFileReference; includeInIndex = 1; lastKnownFileType = text.xcconfig; name = "Pods-Web Game Controller.debug.xcconfig"; path = "Target Support Files/Pods-Web Game Controller/Pods-Web Game Controller.debug.xcconfig"; sourceTree = "<group>"; };
/* End PBXFileReference section */

/* Begin PBXFrameworksBuildPhase section */
		1C0A483C222D9A86004BBDE3 /* Frameworks */ = {
			isa = PBXFrameworksBuildPhase;
			buildActionMask = 2147483647;
			files = (
				D167128AD1E9BAB2FD128EE1 /* Pods_Web_Game_Controller.framework in Frameworks */,
			);
			runOnlyForDeploymentPostprocessing = 0;
		};
/* End PBXFrameworksBuildPhase section */

/* Begin PBXGroup section */
		1C0A4836222D9A86004BBDE3 = {
			isa = PBXGroup;
			children = (
				1C0A4841222D9A86004BBDE3 /* Web Game Controller */,
				1C0A4840222D9A86004BBDE3 /* Products */,
				FB193F23560A590400C143A4 /* Pods */,
				981BF113485C2345A401D6DD /* Frameworks */,
			);
			sourceTree = "<group>";
		};
		1C0A4840222D9A86004BBDE3 /* Products */ = {
			isa = PBXGroup;
			children = (
				1C0A483F222D9A86004BBDE3 /* Web Game Controller.app */,
			);
			name = Products;
			sourceTree = "<group>";
		};
		1C0A4841222D9A86004BBDE3 /* Web Game Controller */ = {
			isa = PBXGroup;
			children = (
				1C0A4842222D9A86004BBDE3 /* AppDelegate.swift */,
				1C0A4844222D9A86004BBDE3 /* GameViewController.swift */,
				1C0A4846222D9A86004BBDE3 /* Main.storyboard */,
				1C0A4854222DBC7B004BBDE3 /* InitialViewController.swift */,
				1C0A4849222D9A87004BBDE3 /* Assets.xcassets */,
				1C0A484B222D9A87004BBDE3 /* LaunchScreen.storyboard */,
				1C0A484E222D9A87004BBDE3 /* Info.plist */,
			);
			path = "Web Game Controller";
			sourceTree = "<group>";
		};
		981BF113485C2345A401D6DD /* Frameworks */ = {
			isa = PBXGroup;
			children = (
				8913B7FD3737AD2FD6990999 /* Pods_Web_Game_Controller.framework */,
			);
			name = Frameworks;
			sourceTree = "<group>";
		};
		FB193F23560A590400C143A4 /* Pods */ = {
			isa = PBXGroup;
			children = (
				CD051E663ABA7DFD8E70DDB5 /* Pods-Web Game Controller.debug.xcconfig */,
				35375AEA0EB6AAA39EA3D7B3 /* Pods-Web Game Controller.release.xcconfig */,
			);
			path = Pods;
			sourceTree = "<group>";
		};
/* End PBXGroup section */

/* Begin PBXNativeTarget section */
		1C0A483E222D9A86004BBDE3 /* Web Game Controller */ = {
			isa = PBXNativeTarget;
			buildConfigurationList = 1C0A4851222D9A87004BBDE3 /* Build configuration list for PBXNativeTarget "Web Game Controller" */;
			buildPhases = (
				7E368C688FD1464099F82F03 /* [CP] Check Pods Manifest.lock */,
				1C0A483B222D9A86004BBDE3 /* Sources */,
				1C0A483C222D9A86004BBDE3 /* Frameworks */,
				1C0A483D222D9A86004BBDE3 /* Resources */,
				3002745FC8C33E262E6DDD6D /* [CP] Embed Pods Frameworks */,
			);
			buildRules = (
			);
			dependencies = (
			);
			name = "Web Game Controller";
			productName = "Web Game Controller";
			productReference = 1C0A483F222D9A86004BBDE3 /* Web Game Controller.app */;
			productType = "com.apple.product-type.application";
		};
/* End PBXNativeTarget section */

/* Begin PBXProject section */
		1C0A4837222D9A86004BBDE3 /* Project object */ = {
			isa = PBXProject;
			attributes = {
				LastSwiftUpdateCheck = 1010;
				LastUpgradeCheck = 1010;
				ORGANIZATIONNAME = Timothy;
				TargetAttributes = {
					1C0A483E222D9A86004BBDE3 = {
						CreatedOnToolsVersion = 10.1;
					};
				};
			};
			buildConfigurationList = 1C0A483A222D9A86004BBDE3 /* Build configuration list for PBXProject "Web Game Controller" */;
			compatibilityVersion = "Xcode 9.3";
			developmentRegion = en;
			hasScannedForEncodings = 0;
			knownRegions = (
				en,
				Base,
			);
			mainGroup = 1C0A4836222D9A86004BBDE3;
			productRefGroup = 1C0A4840222D9A86004BBDE3 /* Products */;
			projectDirPath = "";
			projectRoot = "";
			targets = (
				1C0A483E222D9A86004BBDE3 /* Web Game Controller */,
			);
		};
/* End PBXProject section */

/* Begin PBXResourcesBuildPhase section */
		1C0A483D222D9A86004BBDE3 /* Resources */ = {
			isa = PBXResourcesBuildPhase;
			buildActionMask = 2147483647;
			files = (
				1C0A484D222D9A87004BBDE3 /* LaunchScreen.storyboard in Resources */,
				1C0A484A222D9A87004BBDE3 /* Assets.xcassets in Resources */,
				1C0A4848222D9A86004BBDE3 /* Main.storyboard in Resources */,
			);
			runOnlyForDeploymentPostprocessing = 0;
		};
/* End PBXResourcesBuildPhase section */

/* Begin PBXShellScriptBuildPhase section */
		3002745FC8C33E262E6DDD6D /* [CP] Embed Pods Frameworks */ = {
			isa = PBXShellScriptBuildPhase;
			buildActionMask = 2147483647;
			files = (
			);
			inputFileListPaths = (
			);
			inputPaths = (
				"${PODS_ROOT}/Target Support Files/Pods-Web Game Controller/Pods-Web Game Controller-frameworks.sh",
				"${BUILT_PRODUCTS_DIR}/CDJoystick/CDJoystick.framework",
				"${BUILT_PRODUCTS_DIR}/Starscream/Starscream.framework",
			);
			name = "[CP] Embed Pods Frameworks";
			outputFileListPaths = (
			);
			outputPaths = (
				"${TARGET_BUILD_DIR}/${FRAMEWORKS_FOLDER_PATH}/CDJoystick.framework",
				"${TARGET_BUILD_DIR}/${FRAMEWORKS_FOLDER_PATH}/Starscream.framework",
			);
			runOnlyForDeploymentPostprocessing = 0;
			shellPath = /bin/sh;
			shellScript = "\"${PODS_ROOT}/Target Support Files/Pods-Web Game Controller/Pods-Web Game Controller-frameworks.sh\"\n";
			showEnvVarsInLog = 0;
		};
		7E368C688FD1464099F82F03 /* [CP] Check Pods Manifest.lock */ = {
			isa = PBXShellScriptBuildPhase;
			buildActionMask = 2147483647;
			files = (
			);
			inputFileListPaths = (
			);
			inputPaths = (
				"${PODS_PODFILE_DIR_PATH}/Podfile.lock",
				"${PODS_ROOT}/Manifest.lock",
			);
			name = "[CP] Check Pods Manifest.lock";
			outputFileListPaths = (
			);
			outputPaths = (
				"$(DERIVED_FILE_DIR)/Pods-Web Game Controller-checkManifestLockResult.txt",
			);
			runOnlyForDeploymentPostprocessing = 0;
			shellPath = /bin/sh;
			shellScript = "diff \"${PODS_PODFILE_DIR_PATH}/Podfile.lock\" \"${PODS_ROOT}/Manifest.lock\" > /dev/null\nif [ $? != 0 ] ; then\n    # print error to STDERR\n    echo \"error: The sandbox is not in sync with the Podfile.lock. Run 'pod install' or update your CocoaPods installation.\" >&2\n    exit 1\nfi\n# This output is used by Xcode 'outputs' to avoid re-running this script phase.\necho \"SUCCESS\" > \"${SCRIPT_OUTPUT_FILE_0}\"\n";
			showEnvVarsInLog = 0;
		};
/* End PBXShellScriptBuildPhase section */

/* Begin PBXSourcesBuildPhase section */
		1C0A483B222D9A86004BBDE3 /* Sources */ = {
			isa = PBXSourcesBuildPhase;
			buildActionMask = 2147483647;
			files = (
				1C0A4855222DBC7B004BBDE3 /* InitialViewController.swift in Sources */,
				1C0A4845222D9A86004BBDE3 /* GameViewController.swift in Sources */,
				1C0A4843222D9A86004BBDE3 /* AppDelegate.swift in Sources */,
			);
			runOnlyForDeploymentPostprocessing = 0;
		};
/* End PBXSourcesBuildPhase section */

/* Begin PBXVariantGroup section */
		1C0A4846222D9A86004BBDE3 /* Main.storyboard */ = {
			isa = PBXVariantGroup;
			children = (
				1C0A4847222D9A86004BBDE3 /* Base */,
			);
			name = Main.storyboard;
			sourceTree = "<group>";
		};
		1C0A484B222D9A87004BBDE3 /* LaunchScreen.storyboard */ = {
			isa = PBXVariantGroup;
			children = (
				1C0A484C222D9A87004BBDE3 /* Base */,
			);
			name = LaunchScreen.storyboard;
			sourceTree = "<group>";
		};
/* End PBXVariantGroup section */

/* Begin XCBuildConfiguration section */
		1C0A484F222D9A87004BBDE3 /* Debug */ = {
			isa = XCBuildConfiguration;
			buildSettings = {
				ALWAYS_SEARCH_USER_PATHS = NO;
				CLANG_ANALYZER_NONNULL = YES;
				CLANG_ANALYZER_NUMBER_OBJECT_CONVERSION = YES_AGGRESSIVE;
				CLANG_CXX_LANGUAGE_STANDARD = "gnu++14";
				CLANG_CXX_LIBRARY = "libc++";
				CLANG_ENABLE_MODULES = YES;
				CLANG_ENABLE_OBJC_ARC = YES;
				CLANG_ENABLE_OBJC_WEAK = YES;
				CLANG_WARN_BLOCK_CAPTURE_AUTORELEASING = YES;
				CLANG_WARN_BOOL_CONVERSION = YES;
				CLANG_WARN_COMMA = YES;
				CLANG_WARN_CONSTANT_CONVERSION = YES;
				CLANG_WARN_DEPRECATED_OBJC_IMPLEMENTATIONS = YES;
				CLANG_WARN_DIRECT_OBJC_ISA_USAGE = YES_ERROR;
				CLANG_WARN_DOCUMENTATION_COMMENTS = YES;
				CLANG_WARN_EMPTY_BODY = YES;
				CLANG_WARN_ENUM_CONVERSION = YES;
				CLANG_WARN_INFINITE_RECURSION = YES;
				CLANG_WARN_INT_CONVERSION = YES;
				CLANG_WARN_NON_LITERAL_NULL_CONVERSION = YES;
				CLANG_WARN_OBJC_IMPLICIT_RETAIN_SELF = YES;
				CLANG_WARN_OBJC_LITERAL_CONVERSION = YES;
				CLANG_WARN_OBJC_ROOT_CLASS = YES_ERROR;
				CLANG_WARN_RANGE_LOOP_ANALYSIS = YES;
				CLANG_WARN_STRICT_PROTOTYPES = YES;
				CLANG_WARN_SUSPICIOUS_MOVE = YES;
				CLANG_WARN_UNGUARDED_AVAILABILITY = YES_AGGRESSIVE;
				CLANG_WARN_UNREACHABLE_CODE = YES;
				CLANG_WARN__DUPLICATE_METHOD_MATCH = YES;
				CODE_SIGN_IDENTITY = "iPhone Developer";
				COPY_PHASE_STRIP = NO;
				DEBUG_INFORMATION_FORMAT = dwarf;
				ENABLE_STRICT_OBJC_MSGSEND = YES;
				ENABLE_TESTABILITY = YES;
				GCC_C_LANGUAGE_STANDARD = gnu11;
				GCC_DYNAMIC_NO_PIC = NO;
				GCC_NO_COMMON_BLOCKS = YES;
				GCC_OPTIMIZATION_LEVEL = 0;
				GCC_PREPROCESSOR_DEFINITIONS = (
					"DEBUG=1",
					"$(inherited)",
				);
				GCC_WARN_64_TO_32_BIT_CONVERSION = YES;
				GCC_WARN_ABOUT_RETURN_TYPE = YES_ERROR;
				GCC_WARN_UNDECLARED_SELECTOR = YES;
				GCC_WARN_UNINITIALIZED_AUTOS = YES_AGGRESSIVE;
				GCC_WARN_UNUSED_FUNCTION = YES;
				GCC_WARN_UNUSED_VARIABLE = YES;
				IPHONEOS_DEPLOYMENT_TARGET = 12.1;
				MTL_ENABLE_DEBUG_INFO = INCLUDE_SOURCE;
				MTL_FAST_MATH = YES;
				ONLY_ACTIVE_ARCH = YES;
				SDKROOT = iphoneos;
				SWIFT_ACTIVE_COMPILATION_CONDITIONS = DEBUG;
				SWIFT_OPTIMIZATION_LEVEL = "-Onone";
			};
			name = Debug;
		};
		1C0A4850222D9A87004BBDE3 /* Release */ = {
			isa = XCBuildConfiguration;
			buildSettings = {
				ALWAYS_SEARCH_USER_PATHS = NO;
				CLANG_ANALYZER_NONNULL = YES;
				CLANG_ANALYZER_NUMBER_OBJECT_CONVERSION = YES_AGGRESSIVE;
				CLANG_CXX_LANGUAGE_STANDARD = "gnu++14";
				CLANG_CXX_LIBRARY = "libc++";
				CLANG_ENABLE_MODULES = YES;
				CLANG_ENABLE_OBJC_ARC = YES;
				CLANG_ENABLE_OBJC_WEAK = YES;
				CLANG_WARN_BLOCK_CAPTURE_AUTORELEASING = YES;
				CLANG_WARN_BOOL_CONVERSION = YES;
				CLANG_WARN_COMMA = YES;
				CLANG_WARN_CONSTANT_CONVERSION = YES;
				CLANG_WARN_DEPRECATED_OBJC_IMPLEMENTATIONS = YES;
				CLANG_WARN_DIRECT_OBJC_ISA_USAGE = YES_ERROR;
				CLANG_WARN_DOCUMENTATION_COMMENTS = YES;
				CLANG_WARN_EMPTY_BODY = YES;
				CLANG_WARN_ENUM_CONVERSION = YES;
				CLANG_WARN_INFINITE_RECURSION = YES;
				CLANG_WARN_INT_CONVERSION = YES;
				CLANG_WARN_NON_LITERAL_NULL_CONVERSION = YES;
				CLANG_WARN_OBJC_IMPLICIT_RETAIN_SELF = YES;
				CLANG_WARN_OBJC_LITERAL_CONVERSION = YES;
				CLANG_WARN_OBJC_ROOT_CLASS = YES_ERROR;
				CLANG_WARN_RANGE_LOOP_ANALYSIS = YES;
				CLANG_WARN_STRICT_PROTOTYPES = YES;
				CLANG_WARN_SUSPICIOUS_MOVE = YES;
				CLANG_WARN_UNGUARDED_AVAILABILITY = YES_AGGRESSIVE;
				CLANG_WARN_UNREACHABLE_CODE = YES;
				CLANG_WARN__DUPLICATE_METHOD_MATCH = YES;
				CODE_SIGN_IDENTITY = "iPhone Developer";
				COPY_PHASE_STRIP = NO;
				DEBUG_INFORMATION_FORMAT = "dwarf-with-dsym";
				ENABLE_NS_ASSERTIONS = NO;
				ENABLE_STRICT_OBJC_MSGSEND = YES;
				GCC_C_LANGUAGE_STANDARD = gnu11;
				GCC_NO_COMMON_BLOCKS = YES;
				GCC_WARN_64_TO_32_BIT_CONVERSION = YES;
				GCC_WARN_ABOUT_RETURN_TYPE = YES_ERROR;
				GCC_WARN_UNDECLARED_SELECTOR = YES;
				GCC_WARN_UNINITIALIZED_AUTOS = YES_AGGRESSIVE;
				GCC_WARN_UNUSED_FUNCTION = YES;
				GCC_WARN_UNUSED_VARIABLE = YES;
				IPHONEOS_DEPLOYMENT_TARGET = 12.1;
				MTL_ENABLE_DEBUG_INFO = NO;
				MTL_FAST_MATH = YES;
				SDKROOT = iphoneos;
				SWIFT_COMPILATION_MODE = wholemodule;
				SWIFT_OPTIMIZATION_LEVEL = "-O";
				VALIDATE_PRODUCT = YES;
			};
			name = Release;
		};
		1C0A4852222D9A87004BBDE3 /* Debug */ = {
			isa = XCBuildConfiguration;
			baseConfigurationReference = CD051E663ABA7DFD8E70DDB5 /* Pods-Web Game Controller.debug.xcconfig */;
			buildSettings = {
				ASSETCATALOG_COMPILER_APPICON_NAME = AppIcon;
				CODE_SIGN_STYLE = Automatic;
				DEVELOPMENT_TEAM = 3Q7FL57GKN;
				INFOPLIST_FILE = "Web Game Controller/Info.plist";
				LD_RUNPATH_SEARCH_PATHS = (
					"$(inherited)",
					"@executable_path/Frameworks",
				);
				PRODUCT_BUNDLE_IDENTIFIER = "com.timothy.Web-Game-Controller";
				PRODUCT_NAME = "$(TARGET_NAME)";
				SWIFT_VERSION = 4.2;
				TARGETED_DEVICE_FAMILY = "1,2";
			};
			name = Debug;
		};
		1C0A4853222D9A87004BBDE3 /* Release */ = {
			isa = XCBuildConfiguration;
			baseConfigurationReference = 35375AEA0EB6AAA39EA3D7B3 /* Pods-Web Game Controller.release.xcconfig */;
			buildSettings = {
				ASSETCATALOG_COMPILER_APPICON_NAME = AppIcon;
				CODE_SIGN_STYLE = Automatic;
				DEVELOPMENT_TEAM = 3Q7FL57GKN;
				INFOPLIST_FILE = "Web Game Controller/Info.plist";
				LD_RUNPATH_SEARCH_PATHS = (
					"$(inherited)",
					"@executable_path/Frameworks",
				);
				PRODUCT_BUNDLE_IDENTIFIER = "com.timothy.Web-Game-Controller";
				PRODUCT_NAME = "$(TARGET_NAME)";
				SWIFT_VERSION = 4.2;
				TARGETED_DEVICE_FAMILY = "1,2";
			};
			name = Release;
		};
/* End XCBuildConfiguration section */

/* Begin XCConfigurationList section */
		1C0A483A222D9A86004BBDE3 /* Build configuration list for PBXProject "Web Game Controller" */ = {
			isa = XCConfigurationList;
			buildConfigurations = (
				1C0A484F222D9A87004BBDE3 /* Debug */,
				1C0A4850222D9A87004BBDE3 /* Release */,
			);
			defaultConfigurationIsVisible = 0;
			defaultConfigurationName = Release;
		};
		1C0A4851222D9A87004BBDE3 /* Build configuration list for PBXNativeTarget "Web Game Controller" */ = {
			isa = XCConfigurationList;
			buildConfigurations = (
				1C0A4852222D9A87004BBDE3 /* Debug */,
				1C0A4853222D9A87004BBDE3 /* Release */,
			);
			defaultConfigurationIsVisible = 0;
			defaultConfigurationName = Release;
		};
/* End XCConfigurationList section */
	};
	rootObject = 1C0A4837222D9A86004BBDE3 /* Project object */;
}
